PODS:
  - Alamofire (4.8.2)
  - HandyJSON (5.0.2)
  - MoeCommon (0.1.2):
    - MoeCommon/Base (= 0.1.2)
    - MoeCommon/Extension (= 0.1.2)
    - MoeCommon/Runtime (= 0.1.2)
  - MoeCommon/Base (0.1.2)
  - MoeCommon/Extension (0.1.2)
  - MoeCommon/Runtime (0.1.2):
    - MoeCommon/Base
    - MoeCommon/Extension
  - MoeNetwork (1.0.0):
    - Alamofire (~> 4.8.2)
    - HandyJSON (~> 5.0.2)
    - MoeCommon

DEPENDENCIES:
  - Alamofire (~> 4.8.2)
  - HandyJSON (~> 5.0.2)
  - MoeCommon (from `https://github.com/linyanzuo/MoeCommon.git`)
  - MoeNetwork (from `../`)

SPEC REPOS:
  https://github.com/CocoaPods/Specs.git:
    - Alamofire
  trunk:
    - HandyJSON

EXTERNAL SOURCES:
  MoeCommon:
    :git: https://github.com/linyanzuo/MoeCommon.git
  MoeNetwork:
    :path: "../"

CHECKOUT OPTIONS:
  MoeCommon:
    :commit: 49257ff42ba0d9b59aec50e7047d8a12472ace7d
    :git: https://github.com/linyanzuo/MoeCommon.git

SPEC CHECKSUMS:
  Alamofire: ae5c501addb7afdbb13687d7f2f722c78734c2d3
  HandyJSON: 9e4e236f5d2dbefad5155a77417bbea438201c03
  MoeCommon: 58429fce47df711e46147d7d34c07648459012ef
  MoeNetwork: 8cca14a4e6a40d722fa2f85536c1a0659339e4f2

PODFILE CHECKSUM: 42784fcae74c8724ae9d612fe5da1a4c56da5819

COCOAPODS: 1.9.3
